Microsoft Visual Studio Solution File, Format Version 12.00
# Visual Studio Version 17
VisualStudioVersion = 17.13.35825.156
MinimumVisualStudioVersion = 10.0.40219.1
Project("{FAE04EC0-301F-11D3-BF4B-00C04F79EFBC}") = "JogoDaForca.ConsoleApp", "JogoDaForca.ConsoleApp\JogoDaForca.ConsoleApp.csproj", "{1AB7914A-3FEB-4AE8-9C78-B93EA34FB147}"
EndProject
Global
	GlobalSection(SolutionConfigurationPlatforms) = preSolution
		Debug|Any CPU = Debug|Any CPU
		Release|Any CPU = Release|Any CPU
	EndGlobalSection
	GlobalSection(ProjectConfigurationPlatforms) = postSolution
		{1AB7914A-3FEB-4AE8-9C78-B93EA34FB147}.Debug|Any CPU.ActiveCfg = Debug|Any CPU
		{1AB7914A-3FEB-4AE8-9C78-B93EA34FB147}.Debug|Any CPU.Build.0 = Debug|Any CPU
		{1AB7914A-3FEB-4AE8-9C78-B93EA34FB147}.Release|Any CPU.ActiveCfg = Release|Any CPU
		{1AB7914A-3FEB-4AE8-9C78-B93EA34FB147}.Release|Any CPU.Build.0 = Release|Any CPU
	EndGlobalSection
	GlobalSection(SolutionProperties) = preSolution
		HideSolutionNode = FALSE
	EndGlobalSection
	GlobalSection(ExtensibilityGlobals) = postSolution
		SolutionGuid = {B9587202-5943-4219-AF4A-329CFC1C4A5B}
	EndGlobalSection
EndGlobal
